// !$*UTF8*$!
{
	archiveVersion = 1;
	classes = {
	};
	objectVersion = 48;
	objects = {

/* Begin PBXBuildFile section */
		4A9091C3538C93DF27989C0A /* Pods_SampleGoogleAnalytics.framework in Frameworks */ = {isa = PBXBuildFile; fileRef = D36BDDBA3397117AD98A76EF /* Pods_SampleGoogleAnalytics.framework */; };
		F8B02C811F8F9A2000A326CE /* AdSupport.framework in Frameworks */ = {isa = PBXBuildFile; fileRef = F8B02C801F8F9A2000A326CE /* AdSupport.framework */; };
		F8B346681F8F93BF00DCF322 /* AppDelegate.swift in Sources */ = {isa = PBXBuildFile; fileRef = F8B346671F8F93BF00DCF322 /* AppDelegate.swift */; };
		F8B3466A1F8F93BF00DCF322 /* ViewController.swift in Sources */ = {isa = PBXBuildFile; fileRef = F8B346691F8F93BF00DCF322 /* ViewController.swift */; };
		F8B3466D1F8F93BF00DCF322 /* Main.storyboard in Resources */ = {isa = PBXBuildFile; fileRef = F8B3466B1F8F93BF00DCF322 /* Main.storyboard */; };
		F8B3466F1F8F93BF00DCF322 /* Assets.xcassets in Resources */ = {isa = PBXBuildFile; fileRef = F8B3466E1F8F93BF00DCF322 /* Assets.xcassets */; };
		F8B346721F8F93BF00DCF322 /* LaunchScreen.storyboard in Resources */ = {isa = PBXBuildFile; fileRef = F8B346701F8F93BF00DCF322 /* LaunchScreen.storyboard */; };
/* End PBXBuildFile section */

/* Begin PBXFileReference section */
		1A0F60C67CAC2BA57B5B06D4 /* Pods-SampleGoogleAnalytics.release.xcconfig */ = {isa = PBXFileReference; includeInIndex = 1; lastKnownFileType = text.xcconfig; name = "Pods-SampleGoogleAnalytics.release.xcconfig"; path = "Pods/Target Support Files/Pods-SampleGoogleAnalytics/Pods-SampleGoogleAnalytics.release.xcconfig"; sourceTree = "<group>"; };
		A6523A8CF86F80773D59D337 /* Pods-SampleGoogleAnalytics.debug.xcconfig */ = {isa = PBXFileReference; includeInIndex = 1; lastKnownFileType = text.xcconfig; name = "Pods-SampleGoogleAnalytics.debug.xcconfig"; path = "Pods/Target Support Files/Pods-SampleGoogleAnalytics/Pods-SampleGoogleAnalytics.debug.xcconfig"; sourceTree = "<group>"; };
		D36BDDBA3397117AD98A76EF /* Pods_SampleGoogleAnalytics.framework */ = {isa = PBXFileReference; explicitFileType = wrapper.framework; includeInIndex = 0; path = Pods_SampleGoogleAnalytics.framework; sourceTree = BUILT_PRODUCTS_DIR; };
		F8B02C7F1F8F953D00A326CE /* Bridging-Header.h */ = {isa = PBXFileReference; fileEncoding = 4; lastKnownFileType = sourcecode.c.h; path = "Bridging-Header.h"; sourceTree = "<group>"; };
		F8B02C801F8F9A2000A326CE /* AdSupport.framework */ = {isa = PBXFileReference; lastKnownFileType = wrapper.framework; name = AdSupport.framework; path = System/Library/Frameworks/AdSupport.framework; sourceTree = SDKROOT; };
		F8B346641F8F93BF00DCF322 /* SampleGoogleAnalytics.app */ = {isa = PBXFileReference; explicitFileType = wrapper.application; includeInIndex = 0; path = SampleGoogleAnalytics.app; sourceTree = BUILT_PRODUCTS_DIR; };
		F8B346671F8F93BF00DCF322 /* AppDelegate.swift */ = {isa = PBXFileReference; lastKnownFileType = sourcecode.swift; path = AppDelegate.swift; sourceTree = "<group>"; };
		F8B346691F8F93BF00DCF322 /* ViewController.swift */ = {isa = PBXFileReference; lastKnownFileType = sourcecode.swift; path = ViewController.swift; sourceTree = "<group>"; };
		F8B3466C1F8F93BF00DCF322 /* Base */ = {isa = PBXFileReference; lastKnownFileType = file.storyboard; name = Base; path = Base.lproj/Main.storyboard; sourceTree = "<group>"; };
		F8B3466E1F8F93BF00DCF322 /* Assets.xcassets */ = {isa = PBXFileReference; lastKnownFileType = folder.assetcatalog; path = Assets.xcassets; sourceTree = "<group>"; };
		F8B346711F8F93BF00DCF322 /* Base */ = {isa = PBXFileReference; lastKnownFileType = file.storyboard; name = Base; path = Base.lproj/LaunchScreen.storyboard; sourceTree = "<group>"; };
		F8B346731F8F93BF00DCF322 /* Info.plist */ = {isa = PBXFileReference; lastKnownFileType = text.plist.xml; path = Info.plist; sourceTree = "<group>"; };
/* End PBXFileReference section */

/* Begin PBXFrameworksBuildPhase section */
		F8B346611F8F93BF00DCF322 /* Frameworks */ = {
			isa = PBXFrameworksBuildPhase;
			buildActionMask = 2147483647;
			files = (
				F8B02C811F8F9A2000A326CE /* AdSupport.framework in Frameworks */,
				4A9091C3538C93DF27989C0A /* Pods_SampleGoogleAnalytics.framework in Frameworks */,
			);
			runOnlyForDeploymentPostprocessing = 0;
		};
/* End PBXFrameworksBuildPhase section */

/* Begin PBXGroup section */
		152F91A987B0F6A0EBA17297 /* Frameworks */ = {
			isa = PBXGroup;
			children = (
				F8B02C801F8F9A2000A326CE /* AdSupport.framework */,
				D36BDDBA3397117AD98A76EF /* Pods_SampleGoogleAnalytics.framework */,
			);
			name = Frameworks;
			sourceTree = "<group>";
		};
		F645B89BFB3CD2377FBD7E03 /* Pods */ = {
			isa = PBXGroup;
			children = (
				A6523A8CF86F80773D59D337 /* Pods-SampleGoogleAnalytics.debug.xcconfig */,
				1A0F60C67CAC2BA57B5B06D4 /* Pods-SampleGoogleAnalytics.release.xcconfig */,
			);
			name = Pods;
			sourceTree = "<group>";
		};
		F8B3465B1F8F93BF00DCF322 = {
			isa = PBXGroup;
			children = (
				F8B346661F8F93BF00DCF322 /* SampleGoogleAnalytics */,
				F8B346651F8F93BF00DCF322 /* Products */,
				F645B89BFB3CD2377FBD7E03 /* Pods */,
				152F91A987B0F6A0EBA17297 /* Frameworks */,
			);
			sourceTree = "<group>";
		};
		F8B346651F8F93BF00DCF322 /* Products */ = {
			isa = PBXGroup;
			children = (
				F8B346641F8F93BF00DCF322 /* SampleGoogleAnalytics.app */,
			);
			name = Products;
			sourceTree = "<group>";
		};
		F8B346661F8F93BF00DCF322 /* SampleGoogleAnalytics */ = {
			isa = PBXGroup;
			children = (
				F8B02C7F1F8F953D00A326CE /* Bridging-Header.h */,
				F8B346671F8F93BF00DCF322 /* AppDelegate.swift */,
				F8B346691F8F93BF00DCF322 /* ViewController.swift */,
				F8B3466B1F8F93BF00DCF322 /* Main.storyboard */,
				F8B3466E1F8F93BF00DCF322 /* Assets.xcassets */,
				F8B346701F8F93BF00DCF322 /* LaunchScreen.storyboard */,
				F8B346731F8F93BF00DCF322 /* Info.plist */,
			);
			path = SampleGoogleAnalytics;
			sourceTree = "<group>";
		};
/* End PBXGroup section */

/* Begin PBXNativeTarget section */
		F8B346631F8F93BF00DCF322 /* SampleGoogleAnalytics */ = {
			isa = PBXNativeTarget;
			buildConfigurationList = F8B346761F8F93BF00DCF322 /* Build configuration list for PBXNativeTarget "SampleGoogleAnalytics" */;
			buildPhases = (
				E38B188D042D93F9FE8E564A /* [CP] Check Pods Manifest.lock */,
				F8B346601F8F93BF00DCF322 /* Sources */,
				F8B346611F8F93BF00DCF322 /* Frameworks */,
				F8B346621F8F93BF00DCF322 /* Resources */,
				29CEBC44AC48801BA7904A2D /* [CP] Embed Pods Frameworks */,
				4E6D58DEA468823113CFE721 /* [CP] Copy Pods Resources */,
			);
			buildRules = (
			);
			dependencies = (
			);
			name = SampleGoogleAnalytics;
			productName = SampleGoogleAnalytics;
			productReference = F8B346641F8F93BF00DCF322 /* SampleGoogleAnalytics.app */;
			productType = "com.apple.product-type.application";
		};
/* End PBXNativeTarget section */

/* Begin PBXProject section */
		F8B3465C1F8F93BF00DCF322 /* Project object */ = {
			isa = PBXProject;
			attributes = {
				LastSwiftUpdateCheck = 0900;
				LastUpgradeCheck = 0900;
				ORGANIZATIONNAME = RyoKosuge;
				TargetAttributes = {
					F8B346631F8F93BF00DCF322 = {
						CreatedOnToolsVersion = 9.0;
						ProvisioningStyle = Automatic;
					};
				};
			};
			buildConfigurationList = F8B3465F1F8F93BF00DCF322 /* Build configuration list for PBXProject "SampleGoogleAnalytics" */;
			compatibilityVersion = "Xcode 8.0";
			developmentRegion = en;
			hasScannedForEncodings = 0;
			knownRegions = (
				en,
				Base,
			);
			mainGroup = F8B3465B1F8F93BF00DCF322;
			productRefGroup = F8B346651F8F93BF00DCF322 /* Products */;
			projectDirPath = "";
			projectRoot = "";
			targets = (
				F8B346631F8F93BF00DCF322 /* SampleGoogleAnalytics */,
			);
		};
/* End PBXProject section */

/* Begin PBXResourcesBuildPhase section */
		F8B346621F8F93BF00DCF322 /* Resources */ = {
			isa = PBXResourcesBuildPhase;
			buildActionMask = 2147483647;
			files = (
				F8B346721F8F93BF00DCF322 /* LaunchScreen.storyboard in Resources */,
				F8B3466F1F8F93BF00DCF322 /* Assets.xcassets in Resources */,
				F8B3466D1F8F93BF00DCF322 /* Main.storyboard in Resources */,
			);
			runOnlyForDeploymentPostprocessing = 0;
		};
/* End PBXResourcesBuildPhase section */

/* Begin PBXShellScriptBuildPhase section */
		29CEBC44AC48801BA7904A2D /* [CP] Embed Pods Frameworks */ = {
			isa = PBXShellScriptBuildPhase;
			buildActionMask = 2147483647;
			files = (
			);
			inputPaths = (
			);
			name = "[CP] Embed Pods Frameworks";
			outputPaths = (
			);
			runOnlyForDeploymentPostprocessing = 0;
			shellPath = /bin/sh;
			shellScript = "\"${SRCROOT}/Pods/Target Support Files/Pods-SampleGoogleAnalytics/Pods-SampleGoogleAnalytics-frameworks.sh\"\n";
			showEnvVarsInLog = 0;
		};
		4E6D58DEA468823113CFE721 /* [CP] Copy Pods Resources */ = {
			isa = PBXShellScriptBuildPhase;
			buildActionMask = 2147483647;
			files = (
			);
			inputPaths = (
			);
			name = "[CP] Copy Pods Resources";
			outputPaths = (
			);
			runOnlyForDeploymentPostprocessing = 0;
			shellPath = /bin/sh;
			shellScript = "\"${SRCROOT}/Pods/Target Support Files/Pods-SampleGoogleAnalytics/Pods-SampleGoogleAnalytics-resources.sh\"\n";
			showEnvVarsInLog = 0;
		};
		E38B188D042D93F9FE8E564A /* [CP] Check Pods Manifest.lock */ = {
			isa = PBXShellScriptBuildPhase;
			buildActionMask = 2147483647;
			files = (
			);
			inputPaths = (
				"${PODS_PODFILE_DIR_PATH}/Podfile.lock",
				"${PODS_ROOT}/Manifest.lock",
			);
			name = "[CP] Check Pods Manifest.lock";
			outputPaths = (
				"$(DERIVED_FILE_DIR)/Pods-SampleGoogleAnalytics-checkManifestLockResult.txt",
			);
			runOnlyForDeploymentPostprocessing = 0;
			shellPath = /bin/sh;
			shellScript = "diff \"${PODS_PODFILE_DIR_PATH}/Podfile.lock\" \"${PODS_ROOT}/Manifest.lock\" > /dev/null\nif [ $? != 0 ] ; then\n    # print error to STDERR\n    echo \"error: The sandbox is not in sync with the Podfile.lock. Run 'pod install' or update your CocoaPods installation.\" >&2\n    exit 1\nfi\n# This output is used by Xcode 'outputs' to avoid re-running this script phase.\necho \"SUCCESS\" > \"${SCRIPT_OUTPUT_FILE_0}\"\n";
			showEnvVarsInLog = 0;
		};
/* End PBXShellScriptBuildPhase section */

/* Begin PBXSourcesBuildPhase section */
		F8B346601F8F93BF00DCF322 /* Sources */ = {
			isa = PBXSourcesBuildPhase;
			buildActionMask = 2147483647;
			files = (
				F8B3466A1F8F93BF00DCF322 /* ViewController.swift in Sources */,
				F8B346681F8F93BF00DCF322 /* AppDelegate.swift in Sources */,
			);
			runOnlyForDeploymentPostprocessing = 0;
		};
/* End PBXSourcesBuildPhase section */

/* Begin PBXVariantGroup section */
		F8B3466B1F8F93BF00DCF322 /* Main.storyboard */ = {
			isa = PBXVariantGroup;
			children = (
				F8B3466C1F8F93BF00DCF322 /* Base */,
			);
			name = Main.storyboard;
			sourceTree = "<group>";
		};
		F8B346701F8F93BF00DCF322 /* LaunchScreen.storyboard */ = {
			isa = PBXVariantGroup;
			children = (
				F8B346711F8F93BF00DCF322 /* Base */,
			);
			name = LaunchScreen.storyboard;
			sourceTree = "<group>";
		};
/* End PBXVariantGroup section */

/* Begin XCBuildConfiguration section */
		F8B346741F8F93BF00DCF322 /* Debug */ = {
			isa = XCBuildConfiguration;
			buildSettings = {
				ALWAYS_SEARCH_USER_PATHS = NO;
				CLANG_ANALYZER_NONNULL = YES;
				CLANG_ANALYZER_NUMBER_OBJECT_CONVERSION = YES_AGGRESSIVE;
				CLANG_CXX_LANGUAGE_STANDARD = "gnu++14";
				CLANG_CXX_LIBRARY = "libc++";
				CLANG_ENABLE_MODULES = YES;
				CLANG_ENABLE_OBJC_ARC = YES;
				CLANG_WARN_BLOCK_CAPTURE_AUTORELEASING = YES;
				CLANG_WARN_BOOL_CONVERSION = YES;
				CLANG_WARN_COMMA = YES;
				CLANG_WARN_CONSTANT_CONVERSION = YES;
				CLANG_WARN_DIRECT_OBJC_ISA_USAGE = YES_ERROR;
				CLANG_WARN_DOCUMENTATION_COMMENTS = YES;
				CLANG_WARN_EMPTY_BODY = YES;
				CLANG_WARN_ENUM_CONVERSION = YES;
				CLANG_WARN_INFINITE_RECURSION = YES;
				CLANG_WARN_INT_CONVERSION = YES;
				CLANG_WARN_NON_LITERAL_NULL_CONVERSION = YES;
				CLANG_WARN_OBJC_LITERAL_CONVERSION = YES;
				CLANG_WARN_OBJC_ROOT_CLASS = YES_ERROR;
				CLANG_WARN_RANGE_LOOP_ANALYSIS = YES;
				CLANG_WARN_STRICT_PROTOTYPES = YES;
				CLANG_WARN_SUSPICIOUS_MOVE = YES;
				CLANG_WARN_UNGUARDED_AVAILABILITY = YES_AGGRESSIVE;
				CLANG_WARN_UNREACHABLE_CODE = YES;
				CLANG_WARN__DUPLICATE_METHOD_MATCH = YES;
				CODE_SIGN_IDENTITY = "iPhone Developer";
				COPY_PHASE_STRIP = NO;
				DEBUG_INFORMATION_FORMAT = dwarf;
				ENABLE_STRICT_OBJC_MSGSEND = YES;
				ENABLE_TESTABILITY = YES;
				GCC_C_LANGUAGE_STANDARD = gnu11;
				GCC_DYNAMIC_NO_PIC = NO;
				GCC_NO_COMMON_BLOCKS = YES;
				GCC_OPTIMIZATION_LEVEL = 0;
				GCC_PREPROCESSOR_DEFINITIONS = (
					"DEBUG=1",
					"$(inherited)",
				);
				GCC_WARN_64_TO_32_BIT_CONVERSION = YES;
				GCC_WARN_ABOUT_RETURN_TYPE = YES_ERROR;
				GCC_WARN_UNDECLARED_SELECTOR = YES;
				GCC_WARN_UNINITIALIZED_AUTOS = YES_AGGRESSIVE;
				GCC_WARN_UNUSED_FUNCTION = YES;
				GCC_WARN_UNUSED_VARIABLE = YES;
				IPHONEOS_DEPLOYMENT_TARGET = 9.0;
				MTL_ENABLE_DEBUG_INFO = YES;
				ONLY_ACTIVE_ARCH = YES;
				SDKROOT = iphoneos;
				SWIFT_ACTIVE_COMPILATION_CONDITIONS = DEBUG;
				SWIFT_OPTIMIZATION_LEVEL = "-Onone";
			};
			name = Debug;
		};
		F8B346751F8F93BF00DCF322 /* Release */ = {
			isa = XCBuildConfiguration;
			buildSettings = {
				ALWAYS_SEARCH_USER_PATHS = NO;
				CLANG_ANALYZER_NONNULL = YES;
				CLANG_ANALYZER_NUMBER_OBJECT_CONVERSION = YES_AGGRESSIVE;
				CLANG_CXX_LANGUAGE_STANDARD = "gnu++14";
				CLANG_CXX_LIBRARY = "libc++";
				CLANG_ENABLE_MODULES = YES;
				CLANG_ENABLE_OBJC_ARC = YES;
				CLANG_WARN_BLOCK_CAPTURE_AUTORELEASING = YES;
				CLANG_WARN_BOOL_CONVERSION = YES;
				CLANG_WARN_COMMA = YES;
				CLANG_WARN_CONSTANT_CONVERSION = YES;
				CLANG_WARN_DIRECT_OBJC_ISA_USAGE = YES_ERROR;
				CLANG_WARN_DOCUMENTATION_COMMENTS = YES;
				CLANG_WARN_EMPTY_BODY = YES;
				CLANG_WARN_ENUM_CONVERSION = YES;
				CLANG_WARN_INFINITE_RECURSION = YES;
				CLANG_WARN_INT_CONVERSION = YES;
				CLANG_WARN_NON_LITERAL_NULL_CONVERSION = YES;
				CLANG_WARN_OBJC_LITERAL_CONVERSION = YES;
				CLANG_WARN_OBJC_ROOT_CLASS = YES_ERROR;
				CLANG_WARN_RANGE_LOOP_ANALYSIS = YES;
				CLANG_WARN_STRICT_PROTOTYPES = YES;
				CLANG_WARN_SUSPICIOUS_MOVE = YES;
				CLANG_WARN_UNGUARDED_AVAILABILITY = YES_AGGRESSIVE;
				CLANG_WARN_UNREACHABLE_CODE = YES;
				CLANG_WARN__DUPLICATE_METHOD_MATCH = YES;
				CODE_SIGN_IDENTITY = "iPhone Developer";
				COPY_PHASE_STRIP = NO;
				DEBUG_INFORMATION_FORMAT = "dwarf-with-dsym";
				ENABLE_NS_ASSERTIONS = NO;
				ENABLE_STRICT_OBJC_MSGSEND = YES;
				GCC_C_LANGUAGE_STANDARD = gnu11;
				GCC_NO_COMMON_BLOCKS = YES;
				GCC_WARN_64_TO_32_BIT_CONVERSION = YES;
				GCC_WARN_ABOUT_RETURN_TYPE = YES_ERROR;
				GCC_WARN_UNDECLARED_SELECTOR = YES;
				GCC_WARN_UNINITIALIZED_AUTOS = YES_AGGRESSIVE;
				GCC_WARN_UNUSED_FUNCTION = YES;
				GCC_WARN_UNUSED_VARIABLE = YES;
				IPHONEOS_DEPLOYMENT_TARGET = 9.0;
				MTL_ENABLE_DEBUG_INFO = NO;
				SDKROOT = iphoneos;
				SWIFT_OPTIMIZATION_LEVEL = "-Owholemodule";
				VALIDATE_PRODUCT = YES;
			};
			name = Release;
		};
		F8B346771F8F93BF00DCF322 /* Debug */ = {
			isa = XCBuildConfiguration;
			baseConfigurationReference = A6523A8CF86F80773D59D337 /* Pods-SampleGoogleAnalytics.debug.xcconfig */;
			buildSettings = {
				ASSETCATALOG_COMPILER_APPICON_NAME = AppIcon;
				"CODE_SIGN_IDENTITY[sdk=iphoneos*]" = "iPhone Developer";
				CODE_SIGN_STYLE = Automatic;
				DEVELOPMENT_TEAM = C2F2YEZ5BG;
				INFOPLIST_FILE = SampleGoogleAnalytics/Info.plist;
				LD_RUNPATH_SEARCH_PATHS = "$(inherited) @executable_path/Frameworks";
				PRODUCT_BUNDLE_IDENTIFIER = com.example.SampleGoogleAnalytics;
				PRODUCT_NAME = "$(TARGET_NAME)";
				PROVISIONING_PROFILE_SPECIFIER = "";
				SWIFT_OBJC_BRIDGING_HEADER = "SampleGoogleAnalytics/Bridging-Header.h";
				SWIFT_VERSION = 4.0;
				TARGETED_DEVICE_FAMILY = "1,2";
			};
			name = Debug;
		};
		F8B346781F8F93BF00DCF322 /* Release */ = {
			isa = XCBuildConfiguration;
			baseConfigurationReference = 1A0F60C67CAC2BA57B5B06D4 /* Pods-SampleGoogleAnalytics.release.xcconfig */;
			buildSettings = {
				ASSETCATALOG_COMPILER_APPICON_NAME = AppIcon;
				"CODE_SIGN_IDENTITY[sdk=iphoneos*]" = "iPhone Developer";
				CODE_SIGN_STYLE = Automatic;
				DEVELOPMENT_TEAM = C2F2YEZ5BG;
				INFOPLIST_FILE = SampleGoogleAnalytics/Info.plist;
				LD_RUNPATH_SEARCH_PATHS = "$(inherited) @executable_path/Frameworks";
				PRODUCT_BUNDLE_IDENTIFIER = com.example.SampleGoogleAnalytics;
				PRODUCT_NAME = "$(TARGET_NAME)";
				PROVISIONING_PROFILE_SPECIFIER = "";
				SWIFT_OBJC_BRIDGING_HEADER = "SampleGoogleAnalytics/Bridging-Header.h";
				SWIFT_VERSION = 4.0;
				TARGETED_DEVICE_FAMILY = "1,2";
			};
			name = Release;
		};
/* End XCBuildConfiguration section */

/* Begin XCConfigurationList section */
		F8B3465F1F8F93BF00DCF322 /* Build configuration list for PBXProject "SampleGoogleAnalytics" */ = {
			isa = XCConfigurationList;
			buildConfigurations = (
				F8B346741F8F93BF00DCF322 /* Debug */,
				F8B346751F8F93BF00DCF322 /* Release */,
			);
			defaultConfigurationIsVisible = 0;
			defaultConfigurationName = Release;
		};
		F8B346761F8F93BF00DCF322 /* Build configuration list for PBXNativeTarget "SampleGoogleAnalytics" */ = {
			isa = XCConfigurationList;
			buildConfigurations = (
				F8B346771F8F93BF00DCF322 /* Debug */,
				F8B346781F8F93BF00DCF322 /* Release */,
			);
			defaultConfigurationIsVisible = 0;
			defaultConfigurationName = Release;
		};
/* End XCConfigurationList section */
	};
	rootObject = F8B3465C1F8F93BF00DCF322 /* Project object */;
}
